// !$*UTF8*$!
{
	archiveVersion = 1;
	classes = {
	};
	objectVersion = 46;
	objects = {

/* Begin PBXBuildFile section */
		0E3DCF6E1A5ECAB900B94EA4 /* EverliveSDK.framework in Frameworks */ = {isa = PBXBuildFile; fileRef = 0E3DCF6D1A5ECAB900B94EA4 /* EverliveSDK.framework */; };
		61031BA117BC44C600B9CA63 /* Localizable.strings in Resources */ = {isa = PBXBuildFile; fileRef = 61031B9F17BC44C600B9CA63 /* Localizable.strings */; };
		6133DBE717774AA40000FFFB /* UIKit.framework in Frameworks */ = {isa = PBXBuildFile; fileRef = 6133DBE617774AA40000FFFB /* UIKit.framework */; };
		6133DBEB17774AA40000FFFB /* CoreGraphics.framework in Frameworks */ = {isa = PBXBuildFile; fileRef = 6133DBEA17774AA40000FFFB /* CoreGraphics.framework */; };
		6144F38F17B15E7D00C7BC1C /* TKShadowedView.m in Sources */ = {isa = PBXBuildFile; fileRef = 6144F38E17B15E7D00C7BC1C /* TKShadowedView.m */; };
		6144F39517B2EC2400C7BC1C /* SignUpViewController.m in Sources */ = {isa = PBXBuildFile; fileRef = 6144F39417B2EC2400C7BC1C /* SignUpViewController.m */; };
		61471C0D18195FAE0015E01A /* TKUITextField.m in Sources */ = {isa = PBXBuildFile; fileRef = 61DA15441795CED600DEC1A2 /* TKUITextField.m */; };
		61471C5B181A10200015E01A /* TKGrayView.m in Sources */ = {isa = PBXBuildFile; fileRef = 61471C5A181A10200015E01A /* TKGrayView.m */; };
		6173D06F17AA223300240D13 /* UIColor+Custom.m in Sources */ = {isa = PBXBuildFile; fileRef = 6173D06E17AA223300240D13 /* UIColor+Custom.m */; };
		61B4884417D9069600AE0ACE /* FacebookSDK.framework in Frameworks */ = {isa = PBXBuildFile; fileRef = 61B4884317D9069600AE0ACE /* FacebookSDK.framework */; };
		61C795AD1818634D00A45036 /* MainStoryboard.storyboard in Resources */ = {isa = PBXBuildFile; fileRef = 61C795AB1818634D00A45036 /* MainStoryboard.storyboard */; };
		61DA15451795CED600DEC1A2 /* MBProgressHUD.m in Sources */ = {isa = PBXBuildFile; fileRef = 61DA15421795CED600DEC1A2 /* MBProgressHUD.m */; };
		61EC11BD17A83F21004A84C6 /* Activity.m in Sources */ = {isa = PBXBuildFile; fileRef = 61EC11BC17A83F21004A84C6 /* Activity.m */; };
		61EC11C217A83F32004A84C6 /* Comments.m in Sources */ = {isa = PBXBuildFile; fileRef = 61EC11C117A83F32004A84C6 /* Comments.m */; };
		61EC11D917A85D90004A84C6 /* TKUIButton.m in Sources */ = {isa = PBXBuildFile; fileRef = 61EC11D817A85D90004A84C6 /* TKUIButton.m */; };
		61EC11DB17A85F0A004A84C6 /* QuartzCore.framework in Frameworks */ = {isa = PBXBuildFile; fileRef = 61EC11DA17A85F0A004A84C6 /* QuartzCore.framework */; };
		61EC11EB17A8AC11004A84C6 /* TKGroupItem.m in Sources */ = {isa = PBXBuildFile; fileRef = 61EC11EA17A8AC11004A84C6 /* TKGroupItem.m */; };
		61ED1B9C1795F4CE00E31339 /* AppDelegate.m in Sources */ = {isa = PBXBuildFile; fileRef = 61ED1B9B1795F4CE00E31339 /* AppDelegate.m */; };
		61ED1BA71795F50300E31339 /* main.m in Sources */ = {isa = PBXBuildFile; fileRef = 61ED1BA21795F50300E31339 /* main.m */; };
		61ED1BB61795F8DF00E31339 /* NewActivityViewController.m in Sources */ = {isa = PBXBuildFile; fileRef = 61ED1BAF1795F8DF00E31339 /* NewActivityViewController.m */; };
		61ED1BB71795F8DF00E31339 /* DetailViewController.m in Sources */ = {isa = PBXBuildFile; fileRef = 61ED1BB11795F8DF00E31339 /* DetailViewController.m */; };
		61ED1BB81795F8DF00E31339 /* LoginViewController.m in Sources */ = {isa = PBXBuildFile; fileRef = 61ED1BB31795F8DF00E31339 /* LoginViewController.m */; };
		61ED1BB91795F8DF00E31339 /* ViewController.m in Sources */ = {isa = PBXBuildFile; fileRef = 61ED1BB51795F8DF00E31339 /* ViewController.m */; };
		8D0FFADA18647FC000A35793 /* FriendsAppUser.m in Sources */ = {isa = PBXBuildFile; fileRef = 8D0FFAD918647FC000A35793 /* FriendsAppUser.m */; };
		8D57852E185A2BE800F99ACB /* avatar.png in Resources */ = {isa = PBXBuildFile; fileRef = 8D57851A185A2BE800F99ACB /* avatar.png */; };
		8D57852F185A2BE800F99ACB /* icon-add.png in Resources */ = {isa = PBXBuildFile; fileRef = 8D57851B185A2BE800F99ACB /* icon-add.png */; };
		8D578530185A2BE800F99ACB /* icon-add@2x.png in Resources */ = {isa = PBXBuildFile; fileRef = 8D57851C185A2BE800F99ACB /* icon-add@2x.png */; };
		8D578531185A2BE800F99ACB /* icon-adfs.png in Resources */ = {isa = PBXBuildFile; fileRef = 8D57851D185A2BE800F99ACB /* icon-adfs.png */; };
		8D578532185A2BE800F99ACB /* icon-adfs@2x.png in Resources */ = {isa = PBXBuildFile; fileRef = 8D57851E185A2BE800F99ACB /* icon-adfs@2x.png */; };
		8D578533185A2BE800F99ACB /* icon-arrow_left.png in Resources */ = {isa = PBXBuildFile; fileRef = 8D57851F185A2BE800F99ACB /* icon-arrow_left.png */; };
		8D578534185A2BE800F99ACB /* icon-arrow_left@2x.png in Resources */ = {isa = PBXBuildFile; fileRef = 8D578520185A2BE800F99ACB /* icon-arrow_left@2x.png */; };
		8D578535185A2BE800F99ACB /* icon-facebook.png in Resources */ = {isa = PBXBuildFile; fileRef = 8D578521185A2BE800F99ACB /* icon-facebook.png */; };
		8D578536185A2BE800F99ACB /* icon-facebook@2x.png in Resources */ = {isa = PBXBuildFile; fileRef = 8D578522185A2BE800F99ACB /* icon-facebook@2x.png */; };
		8D578537185A2BE800F99ACB /* icon-google.png in Resources */ = {isa = PBXBuildFile; fileRef = 8D578523185A2BE800F99ACB /* icon-google.png */; };
		8D578538185A2BE800F99ACB /* icon-google@2x.png in Resources */ = {isa = PBXBuildFile; fileRef = 8D578524185A2BE800F99ACB /* icon-google@2x.png */; };
		8D578539185A2BE800F99ACB /* icon-liveid.png in Resources */ = {isa = PBXBuildFile; fileRef = 8D578525185A2BE800F99ACB /* icon-liveid.png */; };
		8D57853A185A2BE800F99ACB /* icon-liveid@2x.png in Resources */ = {isa = PBXBuildFile; fileRef = 8D578526185A2BE800F99ACB /* icon-liveid@2x.png */; };
		8D57853B185A2BE800F99ACB /* icon-password.png in Resources */ = {isa = PBXBuildFile; fileRef = 8D578527185A2BE800F99ACB /* icon-password.png */; };
		8D57853C185A2BE800F99ACB /* icon-password@2x.png in Resources */ = {isa = PBXBuildFile; fileRef = 8D578528185A2BE800F99ACB /* icon-password@2x.png */; };
		8D57853D185A2BE800F99ACB /* icon-username.png in Resources */ = {isa = PBXBuildFile; fileRef = 8D578529185A2BE800F99ACB /* icon-username.png */; };
		8D57853E185A2BE800F99ACB /* icon-username@2x.png in Resources */ = {isa = PBXBuildFile; fileRef = 8D57852A185A2BE800F99ACB /* icon-username@2x.png */; };
		8D578540185A2BE800F99ACB /* logo-telerik_devcloud.png in Resources */ = {isa = PBXBuildFile; fileRef = 8D57852C185A2BE800F99ACB /* logo-telerik_devcloud.png */; };
		8D578541185A2BE800F99ACB /* logo.png in Resources */ = {isa = PBXBuildFile; fileRef = 8D57852D185A2BE800F99ACB /* logo.png */; };
		8D7076A51861AE5B00424C24 /* GoogleOpenSource.framework in Frameworks */ = {isa = PBXBuildFile; fileRef = 8D7076A41861AE5B00424C24 /* GoogleOpenSource.framework */; };
		8D7076A91861B0D400424C24 /* GooglePlus.framework in Frameworks */ = {isa = PBXBuildFile; fileRef = 8D7076A81861B0D400424C24 /* GooglePlus.framework */; };
		8D7076AB1861C00700424C24 /* CoreMotion.framework in Frameworks */ = {isa = PBXBuildFile; fileRef = 8D7076AA1861C00700424C24 /* CoreMotion.framework */; };
		8D7076AC1861C06A00424C24 /* Foundation.framework in Frameworks */ = {isa = PBXBuildFile; fileRef = 6137E74717F3589D00AE3A73 /* Foundation.framework */; };
		8D7076AE1861C08700424C24 /* AddressBook.framework in Frameworks */ = {isa = PBXBuildFile; fileRef = 8D7076AD1861C08700424C24 /* AddressBook.framework */; };
		8D7076B01861C09000424C24 /* AssetsLibrary.framework in Frameworks */ = {isa = PBXBuildFile; fileRef = 8D7076AF1861C09000424C24 /* AssetsLibrary.framework */; };
		8D7076B21861C0AC00424C24 /* CoreText.framework in Frameworks */ = {isa = PBXBuildFile; fileRef = 8D7076B11861C0AC00424C24 /* CoreText.framework */; };
		8D7076B41861C0B800424C24 /* MediaPlayer.framework in Frameworks */ = {isa = PBXBuildFile; fileRef = 8D7076B31861C0B800424C24 /* MediaPlayer.framework */; };
		8D7076B61861C0C200424C24 /* Security.framework in Frameworks */ = {isa = PBXBuildFile; fileRef = 8D7076B51861C0C200424C24 /* Security.framework */; };
		8D7076B81861C0D100424C24 /* SystemConfiguration.framework in Frameworks */ = {isa = PBXBuildFile; fileRef = 8D7076B71861C0D100424C24 /* SystemConfiguration.framework */; };
		8D7076BA1861CE0000424C24 /* CoreLocation.framework in Frameworks */ = {isa = PBXBuildFile; fileRef = 8D7076B91861CE0000424C24 /* CoreLocation.framework */; };
		8D7076C01862F82200424C24 /* Default-568h@2x.png in Resources */ = {isa = PBXBuildFile; fileRef = 8D7076BF1862F82200424C24 /* Default-568h@2x.png */; };
		8D7076C318632ADA00424C24 /* DateViewController.m in Sources */ = {isa = PBXBuildFile; fileRef = 8D7076C218632ADA00424C24 /* DateViewController.m */; };
		8D7076D01863581100424C24 /* ADFSLoginViewController.m in Sources */ = {isa = PBXBuildFile; fileRef = 8D7076CF1863581100424C24 /* ADFSLoginViewController.m */; };
		8D74BC8B1896A2F000089896 /* EQATECAnalyticsMonitoriOS.framework in Frameworks */ = {isa = PBXBuildFile; fileRef = 8D74BC891896A2F000089896 /* EQATECAnalyticsMonitoriOS.framework */; };
		8D775219185F3E4A002E6DC2 /* EQATECAnalyticsMonitoriOS.framework in Frameworks */ = {isa = PBXBuildFile; fileRef = 8D775218185F3E4A002E6DC2 /* EQATECAnalyticsMonitoriOS.framework */; };
		8D77521D185F433D002E6DC2 /* libstdc++.6.0.9.dylib in Frameworks */ = {isa = PBXBuildFile; fileRef = 8D77521C185F433D002E6DC2 /* libstdc++.6.0.9.dylib */; };
		8D77521F185F539D002E6DC2 /* logo-telerik_devcloud@2x.png in Resources */ = {isa = PBXBuildFile; fileRef = 8D77521E185F539D002E6DC2 /* logo-telerik_devcloud@2x.png */; };
		8D77522F186089D1002E6DC2 /* LiveSDK.framework in Frameworks */ = {isa = PBXBuildFile; fileRef = 8D77522E186089D1002E6DC2 /* LiveSDK.framework */; };
		8D77523218608AD9002E6DC2 /* LiveAuthDialog_iPad.nib in Resources */ = {isa = PBXBuildFile; fileRef = 8D77523018608AD9002E6DC2 /* LiveAuthDialog_iPad.nib */; };
		8D77523318608AD9002E6DC2 /* LiveAuthDialog_iPhone.nib in Resources */ = {isa = PBXBuildFile; fileRef = 8D77523118608AD9002E6DC2 /* LiveAuthDialog_iPhone.nib */; };
		8DD32E3D17C2518F00718D85 /* Icon@2x.png in Resources */ = {isa = PBXBuildFile; fileRef = 8DD32E3C17C2518E00718D85 /* Icon@2x.png */; };
		EC6245DA1887552A00D8C56B /* FriendsAppUser.m in Sources */ = {isa = PBXBuildFile; fileRef = 8D0FFAD918647FC000A35793 /* FriendsAppUser.m */; };
		EC6245DB1887552A00D8C56B /* TKUITextField.m in Sources */ = {isa = PBXBuildFile; fileRef = 61DA15441795CED600DEC1A2 /* TKUITextField.m */; };
		EC6245DC1887552A00D8C56B /* MBProgressHUD.m in Sources */ = {isa = PBXBuildFile; fileRef = 61DA15421795CED600DEC1A2 /* MBProgressHUD.m */; };
		EC6245DD1887552A00D8C56B /* TKGrayView.m in Sources */ = {isa = PBXBuildFile; fileRef = 61471C5A181A10200015E01A /* TKGrayView.m */; };
		EC6245DE1887552A00D8C56B /* AppDelegate.m in Sources */ = {isa = PBXBuildFile; fileRef = 61ED1B9B1795F4CE00E31339 /* AppDelegate.m */; };
		EC6245DF1887552A00D8C56B /* main.m in Sources */ = {isa = PBXBuildFile; fileRef = 61ED1BA21795F50300E31339 /* main.m */; };
		EC6245E01887552A00D8C56B /* NewActivityViewController.m in Sources */ = {isa = PBXBuildFile; fileRef = 61ED1BAF1795F8DF00E31339 /* NewActivityViewController.m */; };
		EC6245E11887552A00D8C56B /* DetailViewController.m in Sources */ = {isa = PBXBuildFile; fileRef = 61ED1BB11795F8DF00E31339 /* DetailViewController.m */; };
		EC6245E21887552A00D8C56B /* LoginViewController.m in Sources */ = {isa = PBXBuildFile; fileRef = 61ED1BB31795F8DF00E31339 /* LoginViewController.m */; };
		EC6245E31887552A00D8C56B /* ViewController.m in Sources */ = {isa = PBXBuildFile; fileRef = 61ED1BB51795F8DF00E31339 /* ViewController.m */; };
		EC6245E41887552A00D8C56B /* Activity.m in Sources */ = {isa = PBXBuildFile; fileRef = 61EC11BC17A83F21004A84C6 /* Activity.m */; };
		EC6245E51887552A00D8C56B /* Comments.m in Sources */ = {isa = PBXBuildFile; fileRef = 61EC11C117A83F32004A84C6 /* Comments.m */; };
		EC6245E61887552A00D8C56B /* TKUIButton.m in Sources */ = {isa = PBXBuildFile; fileRef = 61EC11D817A85D90004A84C6 /* TKUIButton.m */; };
		EC6245E71887552A00D8C56B /* TKGroupItem.m in Sources */ = {isa = PBXBuildFile; fileRef = 61EC11EA17A8AC11004A84C6 /* TKGroupItem.m */; };
		EC6245E81887552A00D8C56B /* UIColor+Custom.m in Sources */ = {isa = PBXBuildFile; fileRef = 6173D06E17AA223300240D13 /* UIColor+Custom.m */; };
		EC6245E91887552A00D8C56B /* TKShadowedView.m in Sources */ = {isa = PBXBuildFile; fileRef = 6144F38E17B15E7D00C7BC1C /* TKShadowedView.m */; };
		EC6245EA1887552A00D8C56B /* DateViewController.m in Sources */ = {isa = PBXBuildFile; fileRef = 8D7076C218632ADA00424C24 /* DateViewController.m */; };
		EC6245EB1887552A00D8C56B /* ADFSLoginViewController.m in Sources */ = {isa = PBXBuildFile; fileRef = 8D7076CF1863581100424C24 /* ADFSLoginViewController.m */; };
		EC6245EC1887552A00D8C56B /* SignUpViewController.m in Sources */ = {isa = PBXBuildFile; fileRef = 6144F39417B2EC2400C7BC1C /* SignUpViewController.m */; };
		EC6245EE1887552A00D8C56B /* CoreLocation.framework in Frameworks */ = {isa = PBXBuildFile; fileRef = 8D7076B91861CE0000424C24 /* CoreLocation.framework */; };
		EC6245EF1887552A00D8C56B /* UIKit.framework in Frameworks */ = {isa = PBXBuildFile; fileRef = 6133DBE617774AA40000FFFB /* UIKit.framework */; };
		EC6245F01887552A00D8C56B /* SystemConfiguration.framework in Frameworks */ = {isa = PBXBuildFile; fileRef = 8D7076B71861C0D100424C24 /* SystemConfiguration.framework */; };
		EC6245F11887552A00D8C56B /* Security.framework in Frameworks */ = {isa = PBXBuildFile; fileRef = 8D7076B51861C0C200424C24 /* Security.framework */; };
		EC6245F21887552A00D8C56B /* MediaPlayer.framework in Frameworks */ = {isa = PBXBuildFile; fileRef = 8D7076B31861C0B800424C24 /* MediaPlayer.framework */; };
		EC6245F31887552A00D8C56B /* CoreText.framework in Frameworks */ = {isa = PBXBuildFile; fileRef = 8D7076B11861C0AC00424C24 /* CoreText.framework */; };
		EC6245F41887552A00D8C56B /* CoreGraphics.framework in Frameworks */ = {isa = PBXBuildFile; fileRef = 6133DBEA17774AA40000FFFB /* CoreGraphics.framework */; };
		EC6245F51887552A00D8C56B /* AssetsLibrary.framework in Frameworks */ = {isa = PBXBuildFile; fileRef = 8D7076AF1861C09000424C24 /* AssetsLibrary.framework */; };
		EC6245F61887552A00D8C56B /* AddressBook.framework in Frameworks */ = {isa = PBXBuildFile; fileRef = 8D7076AD1861C08700424C24 /* AddressBook.framework */; };
		EC6245F71887552A00D8C56B /* Foundation.framework in Frameworks */ = {isa = PBXBuildFile; fileRef = 6137E74717F3589D00AE3A73 /* Foundation.framework */; };
		EC6245F81887552A00D8C56B /* CoreMotion.framework in Frameworks */ = {isa = PBXBuildFile; fileRef = 8D7076AA1861C00700424C24 /* CoreMotion.framework */; };
		EC6245F91887552A00D8C56B /* libstdc++.6.0.9.dylib in Frameworks */ = {isa = PBXBuildFile; fileRef = 8D77521C185F433D002E6DC2 /* libstdc++.6.0.9.dylib */; };
		EC6245FA1887552A00D8C56B /* QuartzCore.framework in Frameworks */ = {isa = PBXBuildFile; fileRef = 61EC11DA17A85F0A004A84C6 /* QuartzCore.framework */; };
		EC6245FB1887552A00D8C56B /* FacebookSDK.framework in Frameworks */ = {isa = PBXBuildFile; fileRef = 61B4884317D9069600AE0ACE /* FacebookSDK.framework */; };
		EC6245FD1887552A00D8C56B /* GooglePlus.framework in Frameworks */ = {isa = PBXBuildFile; fileRef = 8D7076A81861B0D400424C24 /* GooglePlus.framework */; };
		EC6245FE1887552A00D8C56B /* GoogleOpenSource.framework in Frameworks */ = {isa = PBXBuildFile; fileRef = 8D7076A41861AE5B00424C24 /* GoogleOpenSource.framework */; };
		EC6245FF1887552A00D8C56B /* LiveSDK.framework in Frameworks */ = {isa = PBXBuildFile; fileRef = 8D77522E186089D1002E6DC2 /* LiveSDK.framework */; };
		EC6246021887552A00D8C56B /* LiveAuthDialog_iPad.nib in Resources */ = {isa = PBXBuildFile; fileRef = 8D77523018608AD9002E6DC2 /* LiveAuthDialog_iPad.nib */; };
		EC6246031887552A00D8C56B /* LiveAuthDialog_iPhone.nib in Resources */ = {isa = PBXBuildFile; fileRef = 8D77523118608AD9002E6DC2 /* LiveAuthDialog_iPhone.nib */; };
		EC6246041887552A00D8C56B /* MainStoryboard.storyboard in Resources */ = {isa = PBXBuildFile; fileRef = 61C795AB1818634D00A45036 /* MainStoryboard.storyboard */; };
		EC6246051887552A00D8C56B /* icon-liveid@2x.png in Resources */ = {isa = PBXBuildFile; fileRef = 8D578526185A2BE800F99ACB /* icon-liveid@2x.png */; };
		EC6246061887552A00D8C56B /* avatar.png in Resources */ = {isa = PBXBuildFile; fileRef = 8D57851A185A2BE800F99ACB /* avatar.png */; };
		EC6246071887552A00D8C56B /* icon-add.png in Resources */ = {isa = PBXBuildFile; fileRef = 8D57851B185A2BE800F99ACB /* icon-add.png */; };
		EC6246081887552A00D8C56B /* logo-telerik_devcloud@2x.png in Resources */ = {isa = PBXBuildFile; fileRef = 8D77521E185F539D002E6DC2 /* logo-telerik_devcloud@2x.png */; };
		EC6246091887552A00D8C56B /* icon-add@2x.png in Resources */ = {isa = PBXBuildFile; fileRef = 8D57851C185A2BE800F99ACB /* icon-add@2x.png */; };
		EC62460A1887552A00D8C56B /* icon-adfs.png in Resources */ = {isa = PBXBuildFile; fileRef = 8D57851D185A2BE800F99ACB /* icon-adfs.png */; };
		EC62460B1887552A00D8C56B /* Default-568h@2x.png in Resources */ = {isa = PBXBuildFile; fileRef = 8D7076BF1862F82200424C24 /* Default-568h@2x.png */; };
		EC62460C1887552A00D8C56B /* icon-password@2x.png in Resources */ = {isa = PBXBuildFile; fileRef = 8D578528185A2BE800F99ACB /* icon-password@2x.png */; };
		EC62460D1887552A00D8C56B /* logo-telerik_devcloud.png in Resources */ = {isa = PBXBuildFile; fileRef = 8D57852C185A2BE800F99ACB /* logo-telerik_devcloud.png */; };
		EC62460E1887552A00D8C56B /* icon-liveid.png in Resources */ = {isa = PBXBuildFile; fileRef = 8D578525185A2BE800F99ACB /* icon-liveid.png */; };
		EC62460F1887552A00D8C56B /* icon-arrow_left@2x.png in Resources */ = {isa = PBXBuildFile; fileRef = 8D578520185A2BE800F99ACB /* icon-arrow_left@2x.png */; };
		EC6246101887552A00D8C56B /* icon-arrow_left.png in Resources */ = {isa = PBXBuildFile; fileRef = 8D57851F185A2BE800F99ACB /* icon-arrow_left.png */; };
		EC6246111887552A00D8C56B /* icon-username.png in Resources */ = {isa = PBXBuildFile; fileRef = 8D578529185A2BE800F99ACB /* icon-username.png */; };
		EC6246121887552A00D8C56B /* icon-password.png in Resources */ = {isa = PBXBuildFile; fileRef = 8D578527185A2BE800F99ACB /* icon-password.png */; };
		EC6246131887552A00D8C56B /* icon-google.png in Resources */ = {isa = PBXBuildFile; fileRef = 8D578523185A2BE800F99ACB /* icon-google.png */; };
		EC6246141887552A00D8C56B /* icon-google@2x.png in Resources */ = {isa = PBXBuildFile; fileRef = 8D578524185A2BE800F99ACB /* icon-google@2x.png */; };
		EC6246151887552A00D8C56B /* Localizable.strings in Resources */ = {isa = PBXBuildFile; fileRef = 61031B9F17BC44C600B9CA63 /* Localizable.strings */; };
		EC6246161887552A00D8C56B /* icon-username@2x.png in Resources */ = {isa = PBXBuildFile; fileRef = 8D57852A185A2BE800F99ACB /* icon-username@2x.png */; };
		EC6246171887552A00D8C56B /* icon-facebook@2x.png in Resources */ = {isa = PBXBuildFile; fileRef = 8D578522185A2BE800F99ACB /* icon-facebook@2x.png */; };
		EC6246181887552A00D8C56B /* icon-facebook.png in Resources */ = {isa = PBXBuildFile; fileRef = 8D578521185A2BE800F99ACB /* icon-facebook.png */; };
		EC6246191887552A00D8C56B /* logo.png in Resources */ = {isa = PBXBuildFile; fileRef = 8D57852D185A2BE800F99ACB /* logo.png */; };
		EC62461A1887552A00D8C56B /* icon-adfs@2x.png in Resources */ = {isa = PBXBuildFile; fileRef = 8D57851E185A2BE800F99ACB /* icon-adfs@2x.png */; };
		EC62461B1887552A00D8C56B /* Icon@2x.png in Resources */ = {isa = PBXBuildFile; fileRef = 8DD32E3C17C2518E00718D85 /* Icon@2x.png */; };
		EC6246221887557A00D8C56B /* libMobileTestingExtension.a in Frameworks */ = {isa = PBXBuildFile; fileRef = EC6246211887557A00D8C56B /* libMobileTestingExtension.a */; };
		EC6246251887575900D8C56B /* CFNetwork.framework in Frameworks */ = {isa = PBXBuildFile; fileRef = EC6246231887575900D8C56B /* CFNetwork.framework */; };
		EC6246261887575900D8C56B /* libicucore.dylib in Frameworks */ = {isa = PBXBuildFile; fileRef = EC6246241887575900D8C56B /* libicucore.dylib */; };
/* End PBXBuildFile section */

/* Begin PBXFileReference section */
		0E3DCF6D1A5ECAB900B94EA4 /* EverliveSDK.framework */ = {isa = PBXFileReference; lastKnownFileType = wrapper.framework; path = EverliveSDK.framework; sourceTree = "<group>"; };
		61031BA017BC44C600B9CA63 /* en */ = {isa = PBXFileReference; lastKnownFileType = text.plist.strings; name = en; path = en.lproj/Localizable.strings; sourceTree = SOURCE_ROOT; };
		6133DBE617774AA40000FFFB /* UIKit.framework */ = {isa = PBXFileReference; lastKnownFileType = wrapper.framework; name = UIKit.framework; path = System/Library/Frameworks/UIKit.framework; sourceTree = SDKROOT; };
		6133DBEA17774AA40000FFFB /* CoreGraphics.framework */ = {isa = PBXFileReference; lastKnownFileType = wrapper.framework; name = CoreGraphics.framework; path = System/Library/Frameworks/CoreGraphics.framework; sourceTree = SDKROOT; };
		6137E74717F3589D00AE3A73 /* Foundation.framework */ = {isa = PBXFileReference; lastKnownFileType = wrapper.framework; name = Foundation.framework; path = System/Library/Frameworks/Foundation.framework; sourceTree = SDKROOT; };
		6137E76417F3589D00AE3A73 /* XCTest.framework */ = {isa = PBXFileReference; lastKnownFileType = wrapper.framework; name = XCTest.framework; path = Library/Frameworks/XCTest.framework; sourceTree = DEVELOPER_DIR; };
		6144F38D17B15E7D00C7BC1C /* TKShadowedView.h */ = {isa = PBXFileReference; fileEncoding = 4; lastKnownFileType = sourcecode.c.h; path = TKShadowedView.h; sourceTree = "<group>"; };
		6144F38E17B15E7D00C7BC1C /* TKShadowedView.m */ = {isa = PBXFileReference; fileEncoding = 4; lastKnownFileType = sourcecode.c.objc; path = TKShadowedView.m; sourceTree = "<group>"; };
		6144F39317B2EC2400C7BC1C /* SignUpViewController.h */ = {isa = PBXFileReference; fileEncoding = 4; lastKnownFileType = sourcecode.c.h; path = SignUpViewController.h; sourceTree = SOURCE_ROOT; };
		6144F39417B2EC2400C7BC1C /* SignUpViewController.m */ = {isa = PBXFileReference; fileEncoding = 4; lastKnownFileType = sourcecode.c.objc; path = SignUpViewController.m; sourceTree = SOURCE_ROOT; };
		61471C59181A10200015E01A /* TKGrayView.h */ = {isa = PBXFileReference; fileEncoding = 4; lastKnownFileType = sourcecode.c.h; path = TKGrayView.h; sourceTree = "<group>"; };
		61471C5A181A10200015E01A /* TKGrayView.m */ = {isa = PBXFileReference; fileEncoding = 4; lastKnownFileType = sourcecode.c.objc; path = TKGrayView.m; sourceTree = "<group>"; };
		6173D06D17AA223300240D13 /* UIColor+Custom.h */ = {isa = PBXFileReference; fileEncoding = 4; lastKnownFileType = sourcecode.c.h; path = "UIColor+Custom.h"; sourceTree = "<group>"; };
		6173D06E17AA223300240D13 /* UIColor+Custom.m */ = {isa = PBXFileReference; fileEncoding = 4; lastKnownFileType = sourcecode.c.objc; path = "UIColor+Custom.m"; sourceTree = "<group>"; };
		61B4884317D9069600AE0ACE /* FacebookSDK.framework */ = {isa = PBXFileReference; lastKnownFileType = wrapper.framework; path = FacebookSDK.framework; sourceTree = "<group>"; };
		61C795AC1818634D00A45036 /* en */ = {isa = PBXFileReference; lastKnownFileType = file.storyboard; name = en; path = en.lproj/MainStoryboard.storyboard; sourceTree = SOURCE_ROOT; };
		61DA15411795CED600DEC1A2 /* MBProgressHUD.h */ = {isa = PBXFileReference; fileEncoding = 4; lastKnownFileType = sourcecode.c.h; path = MBProgressHUD.h; sourceTree = "<group>"; };
		61DA15421795CED600DEC1A2 /* MBProgressHUD.m */ = {isa = PBXFileReference; fileEncoding = 4; lastKnownFileType = sourcecode.c.objc; path = MBProgressHUD.m; sourceTree = "<group>"; };
		61DA15431795CED600DEC1A2 /* TKUITextField.h */ = {isa = PBXFileReference; fileEncoding = 4; lastKnownFileType = sourcecode.c.h; path = TKUITextField.h; sourceTree = "<group>"; };
		61DA15441795CED600DEC1A2 /* TKUITextField.m */ = {isa = PBXFileReference; fileEncoding = 4; lastKnownFileType = sourcecode.c.objc; path = TKUITextField.m; sourceTree = "<group>"; };
		61EC11BB17A83F21004A84C6 /* Activity.h */ = {isa = PBXFileReference; fileEncoding = 4; lastKnownFileType = sourcecode.c.h; name = Activity.h; path = Model/Activity.h; sourceTree = SOURCE_ROOT; };
		61EC11BC17A83F21004A84C6 /* Activity.m */ = {isa = PBXFileReference; fileEncoding = 4; lastKnownFileType = sourcecode.c.objc; name = Activity.m; path = Model/Activity.m; sourceTree = SOURCE_ROOT; };
		61EC11C017A83F32004A84C6 /* Comments.h */ = {isa = PBXFileReference; fileEncoding = 4; lastKnownFileType = sourcecode.c.h; name = Comments.h; path = Model/Comments.h; sourceTree = SOURCE_ROOT; };
		61EC11C117A83F32004A84C6 /* Comments.m */ = {isa = PBXFileReference; fileEncoding = 4; lastKnownFileType = sourcecode.c.objc; name = Comments.m; path = Model/Comments.m; sourceTree = SOURCE_ROOT; };
		61EC11D717A85D90004A84C6 /* TKUIButton.h */ = {isa = PBXFileReference; fileEncoding = 4; lastKnownFileType = sourcecode.c.h; path = TKUIButton.h; sourceTree = "<group>"; };
		61EC11D817A85D90004A84C6 /* TKUIButton.m */ = {isa = PBXFileReference; fileEncoding = 4; lastKnownFileType = sourcecode.c.objc; path = TKUIButton.m; sourceTree = "<group>"; };
		61EC11DA17A85F0A004A84C6 /* QuartzCore.framework */ = {isa = PBXFileReference; lastKnownFileType = wrapper.framework; name = QuartzCore.framework; path = System/Library/Frameworks/QuartzCore.framework; sourceTree = SDKROOT; };
		61EC11E917A8AC11004A84C6 /* TKGroupItem.h */ = {isa = PBXFileReference; fileEncoding = 4; lastKnownFileType = sourcecode.c.h; path = TKGroupItem.h; sourceTree = "<group>"; };
		61EC11EA17A8AC11004A84C6 /* TKGroupItem.m */ = {isa = PBXFileReference; fileEncoding = 4; lastKnownFileType = sourcecode.c.objc; path = TKGroupItem.m; sourceTree = "<group>"; };
		61ED1B9A1795F4CE00E31339 /* AppDelegate.h */ = {isa = PBXFileReference; fileEncoding = 4; lastKnownFileType = sourcecode.c.h; path = AppDelegate.h; sourceTree = SOURCE_ROOT; };
		61ED1B9B1795F4CE00E31339 /* AppDelegate.m */ = {isa = PBXFileReference; fileEncoding = 4; lastKnownFileType = sourcecode.c.objc; path = AppDelegate.m; sourceTree = SOURCE_ROOT; };
		61ED1BA01795F50300E31339 /* EverliveSDKSample-Info.plist */ = {isa = PBXFileReference; fileEncoding = 4; lastKnownFileType = text.plist.xml; path = "EverliveSDKSample-Info.plist"; sourceTree = SOURCE_ROOT; };
		61ED1BA11795F50300E31339 /* EverliveSDKSample-Prefix.pch */ = {isa = PBXFileReference; fileEncoding = 4; lastKnownFileType = sourcecode.c.h; path = "EverliveSDKSample-Prefix.pch"; sourceTree = SOURCE_ROOT; };
		61ED1BA21795F50300E31339 /* main.m */ = {isa = PBXFileReference; fileEncoding = 4; lastKnownFileType = sourcecode.c.objc; path = main.m; sourceTree = SOURCE_ROOT; };
		61ED1BAE1795F8DF00E31339 /* NewActivityViewController.h */ = {isa = PBXFileReference; fileEncoding = 4; lastKnownFileType = sourcecode.c.h; path = NewActivityViewController.h; sourceTree = SOURCE_ROOT; };
		61ED1BAF1795F8DF00E31339 /* NewActivityViewController.m */ = {isa = PBXFileReference; fileEncoding = 4; lastKnownFileType = sourcecode.c.objc; path = NewActivityViewController.m; sourceTree = SOURCE_ROOT; };
		61ED1BB01795F8DF00E31339 /* DetailViewController.h */ = {isa = PBXFileReference; fileEncoding = 4; lastKnownFileType = sourcecode.c.h; path = DetailViewController.h; sourceTree = SOURCE_ROOT; };
		61ED1BB11795F8DF00E31339 /* DetailViewController.m */ = {isa = PBXFileReference; fileEncoding = 4; lastKnownFileType = sourcecode.c.objc; path = DetailViewController.m; sourceTree = SOURCE_ROOT; };
		61ED1BB21795F8DF00E31339 /* LoginViewController.h */ = {isa = PBXFileReference; fileEncoding = 4; lastKnownFileType = sourcecode.c.h; path = LoginViewController.h; sourceTree = SOURCE_ROOT; };
		61ED1BB31795F8DF00E31339 /* LoginViewController.m */ = {isa = PBXFileReference; fileEncoding = 4; lastKnownFileType = sourcecode.c.objc; path = LoginViewController.m; sourceTree = SOURCE_ROOT; };
		61ED1BB41795F8DF00E31339 /* ViewController.h */ = {isa = PBXFileReference; fileEncoding = 4; lastKnownFileType = sourcecode.c.h; path = ViewController.h; sourceTree = SOURCE_ROOT; };
		61ED1BB51795F8DF00E31339 /* ViewController.m */ = {isa = PBXFileReference; fileEncoding = 4; lastKnownFileType = sourcecode.c.objc; path = ViewController.m; sourceTree = SOURCE_ROOT; };
		8D0FFAD818647FC000A35793 /* FriendsAppUser.h */ = {isa = PBXFileReference; fileEncoding = 4; lastKnownFileType = sourcecode.c.h; path = FriendsAppUser.h; sourceTree = SOURCE_ROOT; };
		8D0FFAD918647FC000A35793 /* FriendsAppUser.m */ = {isa = PBXFileReference; fileEncoding = 4; lastKnownFileType = sourcecode.c.objc; path = FriendsAppUser.m; sourceTree = SOURCE_ROOT; };
		8D57851A185A2BE800F99ACB /* avatar.png */ = {isa = PBXFileReference; lastKnownFileType = image.png; path = avatar.png; sourceTree = SOURCE_ROOT; };
		8D57851B185A2BE800F99ACB /* icon-add.png */ = {isa = PBXFileReference; lastKnownFileType = image.png; path = "icon-add.png"; sourceTree = SOURCE_ROOT; };
		8D57851C185A2BE800F99ACB /* icon-add@2x.png */ = {isa = PBXFileReference; lastKnownFileType = image.png; path = "icon-add@2x.png"; sourceTree = SOURCE_ROOT; };
		8D57851D185A2BE800F99ACB /* icon-adfs.png */ = {isa = PBXFileReference; lastKnownFileType = image.png; path = "icon-adfs.png"; sourceTree = SOURCE_ROOT; };
		8D57851E185A2BE800F99ACB /* icon-adfs@2x.png */ = {isa = PBXFileReference; lastKnownFileType = image.png; path = "icon-adfs@2x.png"; sourceTree = SOURCE_ROOT; };
		8D57851F185A2BE800F99ACB /* icon-arrow_left.png */ = {isa = PBXFileReference; lastKnownFileType = image.png; path = "icon-arrow_left.png"; sourceTree = SOURCE_ROOT; };
		8D578520185A2BE800F99ACB /* icon-arrow_left@2x.png */ = {isa = PBXFileReference; lastKnownFileType = image.png; path = "icon-arrow_left@2x.png"; sourceTree = SOURCE_ROOT; };
		8D578521185A2BE800F99ACB /* icon-facebook.png */ = {isa = PBXFileReference; lastKnownFileType = image.png; path = "icon-facebook.png"; sourceTree = SOURCE_ROOT; };
		8D578522185A2BE800F99ACB /* icon-facebook@2x.png */ = {isa = PBXFileReference; lastKnownFileType = image.png; path = "icon-facebook@2x.png"; sourceTree = SOURCE_ROOT; };
		8D578523185A2BE800F99ACB /* icon-google.png */ = {isa = PBXFileReference; lastKnownFileType = image.png; path = "icon-google.png"; sourceTree = SOURCE_ROOT; };
		8D578524185A2BE800F99ACB /* icon-google@2x.png */ = {isa = PBXFileReference; lastKnownFileType = image.png; path = "icon-google@2x.png"; sourceTree = SOURCE_ROOT; };
		8D578525185A2BE800F99ACB /* icon-liveid.png */ = {isa = PBXFileReference; lastKnownFileType = image.png; path = "icon-liveid.png"; sourceTree = SOURCE_ROOT; };
		8D578526185A2BE800F99ACB /* icon-liveid@2x.png */ = {isa = PBXFileReference; lastKnownFileType = image.png; path = "icon-liveid@2x.png"; sourceTree = SOURCE_ROOT; };
		8D578527185A2BE800F99ACB /* icon-password.png */ = {isa = PBXFileReference; lastKnownFileType = image.png; path = "icon-password.png"; sourceTree = SOURCE_ROOT; };
		8D578528185A2BE800F99ACB /* icon-password@2x.png */ = {isa = PBXFileReference; lastKnownFileType = image.png; path = "icon-password@2x.png"; sourceTree = SOURCE_ROOT; };
		8D578529185A2BE800F99ACB /* icon-username.png */ = {isa = PBXFileReference; lastKnownFileType = image.png; path = "icon-username.png"; sourceTree = SOURCE_ROOT; };
		8D57852A185A2BE800F99ACB /* icon-username@2x.png */ = {isa = PBXFileReference; lastKnownFileType = image.png; path = "icon-username@2x.png"; sourceTree = SOURCE_ROOT; };
		8D57852C185A2BE800F99ACB /* logo-telerik_devcloud.png */ = {isa = PBXFileReference; lastKnownFileType = image.png; path = "logo-telerik_devcloud.png"; sourceTree = SOURCE_ROOT; };
		8D57852D185A2BE800F99ACB /* logo.png */ = {isa = PBXFileReference; lastKnownFileType = image.png; path = logo.png; sourceTree = SOURCE_ROOT; };
		8D7076A41861AE5B00424C24 /* GoogleOpenSource.framework */ = {isa = PBXFileReference; lastKnownFileType = wrapper.framework; path = GoogleOpenSource.framework; sourceTree = "<group>"; };
		8D7076A81861B0D400424C24 /* GooglePlus.framework */ = {isa = PBXFileReference; lastKnownFileType = wrapper.framework; path = GooglePlus.framework; sourceTree = "<group>"; };
		8D7076AA1861C00700424C24 /* CoreMotion.framework */ = {isa = PBXFileReference; lastKnownFileType = wrapper.framework; name = CoreMotion.framework; path = System/Library/Frameworks/CoreMotion.framework; sourceTree = SDKROOT; };
		8D7076AD1861C08700424C24 /* AddressBook.framework */ = {isa = PBXFileReference; lastKnownFileType = wrapper.framework; name = AddressBook.framework; path = System/Library/Frameworks/AddressBook.framework; sourceTree = SDKROOT; };
		8D7076AF1861C09000424C24 /* AssetsLibrary.framework */ = {isa = PBXFileReference; lastKnownFileType = wrapper.framework; name = AssetsLibrary.framework; path = System/Library/Frameworks/AssetsLibrary.framework; sourceTree = SDKROOT; };
		8D7076B11861C0AC00424C24 /* CoreText.framework */ = {isa = PBXFileReference; lastKnownFileType = wrapper.framework; name = CoreText.framework; path = System/Library/Frameworks/CoreText.framework; sourceTree = SDKROOT; };
		8D7076B31861C0B800424C24 /* MediaPlayer.framework */ = {isa = PBXFileReference; lastKnownFileType = wrapper.framework; name = MediaPlayer.framework; path = System/Library/Frameworks/MediaPlayer.framework; sourceTree = SDKROOT; };
		8D7076B51861C0C200424C24 /* Security.framework */ = {isa = PBXFileReference; lastKnownFileType = wrapper.framework; name = Security.framework; path = System/Library/Frameworks/Security.framework; sourceTree = SDKROOT; };
		8D7076B71861C0D100424C24 /* SystemConfiguration.framework */ = {isa = PBXFileReference; lastKnownFileType = wrapper.framework; name = SystemConfiguration.framework; path = System/Library/Frameworks/SystemConfiguration.framework; sourceTree = SDKROOT; };
		8D7076B91861CE0000424C24 /* CoreLocation.framework */ = {isa = PBXFileReference; lastKnownFileType = wrapper.framework; name = CoreLocation.framework; path = System/Library/Frameworks/CoreLocation.framework; sourceTree = SDKROOT; };
		8D7076BF1862F82200424C24 /* Default-568h@2x.png */ = {isa = PBXFileReference; lastKnownFileType = image.png; path = "Default-568h@2x.png"; sourceTree = SOURCE_ROOT; };
		8D7076C118632ADA00424C24 /* DateViewController.h */ = {isa = PBXFileReference; fileEncoding = 4; lastKnownFileType = sourcecode.c.h; path = DateViewController.h; sourceTree = SOURCE_ROOT; };
		8D7076C218632ADA00424C24 /* DateViewController.m */ = {isa = PBXFileReference; fileEncoding = 4; lastKnownFileType = sourcecode.c.objc; path = DateViewController.m; sourceTree = SOURCE_ROOT; };
		8D7076CE1863581100424C24 /* ADFSLoginViewController.h */ = {isa = PBXFileReference; fileEncoding = 4; lastKnownFileType = sourcecode.c.h; path = ADFSLoginViewController.h; sourceTree = SOURCE_ROOT; };
		8D7076CF1863581100424C24 /* ADFSLoginViewController.m */ = {isa = PBXFileReference; fileEncoding = 4; lastKnownFileType = sourcecode.c.objc; path = ADFSLoginViewController.m; sourceTree = SOURCE_ROOT; };
		8D74BC891896A2F000089896 /* EQATECAnalyticsMonitoriOS.framework */ = {isa = PBXFileReference; lastKnownFileType = wrapper.framework; path = EQATECAnalyticsMonitoriOS.framework; sourceTree = "<group>"; };
		8D775218185F3E4A002E6DC2 /* EQATECAnalyticsMonitoriOS.framework */ = {isa = PBXFileReference; lastKnownFileType = wrapper.framework; path = EQATECAnalyticsMonitoriOS.framework; sourceTree = "<group>"; };
		8D77521C185F433D002E6DC2 /* libstdc++.6.0.9.dylib */ = {isa = PBXFileReference; lastKnownFileType = "compiled.mach-o.dylib"; name = "libstdc++.6.0.9.dylib"; path = "usr/lib/libstdc++.6.0.9.dylib"; sourceTree = SDKROOT; };
		8D77521E185F539D002E6DC2 /* logo-telerik_devcloud@2x.png */ = {isa = PBXFileReference; lastKnownFileType = image.png; path = "logo-telerik_devcloud@2x.png"; sourceTree = SOURCE_ROOT; };
		8D77522E186089D1002E6DC2 /* LiveSDK.framework */ = {isa = PBXFileReference; lastKnownFileType = wrapper.framework; path = LiveSDK.framework; sourceTree = "<group>"; };
		8D77523018608AD9002E6DC2 /* LiveAuthDialog_iPad.nib */ = {isa = PBXFileReference; lastKnownFileType = file; name = LiveAuthDialog_iPad.nib; path = LiveSDK.framework/Versions/5.0.3649.0612/Resources/LiveAuthDialog_iPad.nib; sourceTree = "<group>"; };
		8D77523118608AD9002E6DC2 /* LiveAuthDialog_iPhone.nib */ = {isa = PBXFileReference; lastKnownFileType = file; name = LiveAuthDialog_iPhone.nib; path = LiveSDK.framework/Versions/5.0.3649.0612/Resources/LiveAuthDialog_iPhone.nib; sourceTree = "<group>"; };
		8DC9703D187D8C7D00570EC4 /* Friends.app */ = {isa = PBXFileReference; explicitFileType = wrapper.application; includeInIndex = 0; path = Friends.app; sourceTree = BUILT_PRODUCTS_DIR; };
		8DD32E3C17C2518E00718D85 /* Icon@2x.png */ = {isa = PBXFileReference; lastKnownFileType = image.png; path = "Icon@2x.png"; sourceTree = "<group>"; };
		EC62461F1887552A00D8C56B /* SampleQA.app */ = {isa = PBXFileReference; explicitFileType = wrapper.application; includeInIndex = 0; path = SampleQA.app; sourceTree = BUILT_PRODUCTS_DIR; };
		EC6246201887552A00D8C56B /* SampleQA-Info.plist */ = {isa = PBXFileReference; lastKnownFileType = text.plist.xml; name = "SampleQA-Info.plist"; path = "/Users/shoemate/Source/platform-friends-ios/Sample/SampleQA-Info.plist"; sourceTree = "<absolute>"; };
		EC6246211887557A00D8C56B /* libMobileTestingExtension.a */ = {isa = PBXFileReference; lastKnownFileType = archive.ar; path = libMobileTestingExtension.a; sourceTree = "<group>"; };
		EC6246231887575900D8C56B /* CFNetwork.framework */ = {isa = PBXFileReference; lastKnownFileType = wrapper.framework; name = CFNetwork.framework; path = System/Library/Frameworks/CFNetwork.framework; sourceTree = SDKROOT; };
		EC6246241887575900D8C56B /* libicucore.dylib */ = {isa = PBXFileReference; lastKnownFileType = "compiled.mach-o.dylib"; name = libicucore.dylib; path = usr/lib/libicucore.dylib; sourceTree = SDKROOT; };
/* End PBXFileReference section */

/* Begin PBXFrameworksBuildPhase section */
		6133DBE017774AA40000FFFB /* Frameworks */ = {
			isa = PBXFrameworksBuildPhase;
			buildActionMask = 2147483647;
			files = (
				8D7076BA1861CE0000424C24 /* CoreLocation.framework in Frameworks */,
				6133DBE717774AA40000FFFB /* UIKit.framework in Frameworks */,
				8D7076B81861C0D100424C24 /* SystemConfiguration.framework in Frameworks */,
				8D7076B61861C0C200424C24 /* Security.framework in Frameworks */,
				8D7076B41861C0B800424C24 /* MediaPlayer.framework in Frameworks */,
				8D7076B21861C0AC00424C24 /* CoreText.framework in Frameworks */,
				6133DBEB17774AA40000FFFB /* CoreGraphics.framework in Frameworks */,
				8D7076B01861C09000424C24 /* AssetsLibrary.framework in Frameworks */,
				8D7076AE1861C08700424C24 /* AddressBook.framework in Frameworks */,
				0E3DCF6E1A5ECAB900B94EA4 /* EverliveSDK.framework in Frameworks */,
				8D7076AC1861C06A00424C24 /* Foundation.framework in Frameworks */,
				8D7076AB1861C00700424C24 /* CoreMotion.framework in Frameworks */,
				8D77521D185F433D002E6DC2 /* libstdc++.6.0.9.dylib in Frameworks */,
				61EC11DB17A85F0A004A84C6 /* QuartzCore.framework in Frameworks */,
				61B4884417D9069600AE0ACE /* FacebookSDK.framework in Frameworks */,
				8D775219185F3E4A002E6DC2 /* EQATECAnalyticsMonitoriOS.framework in Frameworks */,
				8D7076A91861B0D400424C24 /* GooglePlus.framework in Frameworks */,
				8D7076A51861AE5B00424C24 /* GoogleOpenSource.framework in Frameworks */,
				8D77522F186089D1002E6DC2 /* LiveSDK.framework in Frameworks */,
			);
			runOnlyForDeploymentPostprocessing = 0;
		};
		EC6245ED1887552A00D8C56B /* Frameworks */ = {
			isa = PBXFrameworksBuildPhase;
			buildActionMask = 2147483647;
			files = (
				EC6246251887575900D8C56B /* CFNetwork.framework in Frameworks */,
				EC6246261887575900D8C56B /* libicucore.dylib in Frameworks */,
				EC6245EE1887552A00D8C56B /* CoreLocation.framework in Frameworks */,
				EC6245EF1887552A00D8C56B /* UIKit.framework in Frameworks */,
				EC6245F01887552A00D8C56B /* SystemConfiguration.framework in Frameworks */,
				EC6245F11887552A00D8C56B /* Security.framework in Frameworks */,
				EC6245F21887552A00D8C56B /* MediaPlayer.framework in Frameworks */,
				EC6245F31887552A00D8C56B /* CoreText.framework in Frameworks */,
				EC6245F41887552A00D8C56B /* CoreGraphics.framework in Frameworks */,
				EC6245F51887552A00D8C56B /* AssetsLibrary.framework in Frameworks */,
				EC6245F61887552A00D8C56B /* AddressBook.framework in Frameworks */,
				EC6245F71887552A00D8C56B /* Foundation.framework in Frameworks */,
				EC6245F81887552A00D8C56B /* CoreMotion.framework in Frameworks */,
				EC6245F91887552A00D8C56B /* libstdc++.6.0.9.dylib in Frameworks */,
				EC6246221887557A00D8C56B /* libMobileTestingExtension.a in Frameworks */,
				EC6245FA1887552A00D8C56B /* QuartzCore.framework in Frameworks */,
				8D74BC8B1896A2F000089896 /* EQATECAnalyticsMonitoriOS.framework in Frameworks */,
				EC6245FB1887552A00D8C56B /* FacebookSDK.framework in Frameworks */,
				EC6245FD1887552A00D8C56B /* GooglePlus.framework in Frameworks */,
				EC6245FE1887552A00D8C56B /* GoogleOpenSource.framework in Frameworks */,
				EC6245FF1887552A00D8C56B /* LiveSDK.framework in Frameworks */,
			);
			runOnlyForDeploymentPostprocessing = 0;
		};
/* End PBXFrameworksBuildPhase section */

/* Begin PBXGroup section */
		6133DBDA17774AA40000FFFB = {
			isa = PBXGroup;
			children = (
				8D77523018608AD9002E6DC2 /* LiveAuthDialog_iPad.nib */,
				8D77523118608AD9002E6DC2 /* LiveAuthDialog_iPhone.nib */,
				8DD32E3C17C2518E00718D85 /* Icon@2x.png */,
				6133DBEC17774AA40000FFFB /* EverliveSDKSample */,
				6133DBE517774AA40000FFFB /* Frameworks */,
				8DC9703D187D8C7D00570EC4 /* Friends.app */,
				EC62461F1887552A00D8C56B /* SampleQA.app */,
			);
			sourceTree = "<group>";
		};
		6133DBE517774AA40000FFFB /* Frameworks */ = {
			isa = PBXGroup;
			children = (
				0E3DCF6D1A5ECAB900B94EA4 /* EverliveSDK.framework */,
				8D74BC891896A2F000089896 /* EQATECAnalyticsMonitoriOS.framework */,
				EC6246231887575900D8C56B /* CFNetwork.framework */,
				EC6246241887575900D8C56B /* libicucore.dylib */,
				EC6246211887557A00D8C56B /* libMobileTestingExtension.a */,
				8D7076B91861CE0000424C24 /* CoreLocation.framework */,
				8D7076B71861C0D100424C24 /* SystemConfiguration.framework */,
				8D7076B51861C0C200424C24 /* Security.framework */,
				8D7076B31861C0B800424C24 /* MediaPlayer.framework */,
				8D7076B11861C0AC00424C24 /* CoreText.framework */,
				8D7076AF1861C09000424C24 /* AssetsLibrary.framework */,
				8D7076AD1861C08700424C24 /* AddressBook.framework */,
				8D7076AA1861C00700424C24 /* CoreMotion.framework */,
				8D7076A81861B0D400424C24 /* GooglePlus.framework */,
				8D7076A41861AE5B00424C24 /* GoogleOpenSource.framework */,
				8D77521C185F433D002E6DC2 /* libstdc++.6.0.9.dylib */,
				8D77522E186089D1002E6DC2 /* LiveSDK.framework */,
				8D775218185F3E4A002E6DC2 /* EQATECAnalyticsMonitoriOS.framework */,
				61B4884317D9069600AE0ACE /* FacebookSDK.framework */,
				61EC11DA17A85F0A004A84C6 /* QuartzCore.framework */,
				6133DBE617774AA40000FFFB /* UIKit.framework */,
				6133DBEA17774AA40000FFFB /* CoreGraphics.framework */,
				6137E74717F3589D00AE3A73 /* Foundation.framework */,
				6137E76417F3589D00AE3A73 /* XCTest.framework */,
			);
			name = Frameworks;
			sourceTree = "<group>";
		};
		6133DBEC17774AA40000FFFB /* EverliveSDKSample */ = {
			isa = PBXGroup;
			children = (
				61ED1B9A1795F4CE00E31339 /* AppDelegate.h */,
				61ED1B9B1795F4CE00E31339 /* AppDelegate.m */,
				61C795AB1818634D00A45036 /* MainStoryboard.storyboard */,
				61031B9F17BC44C600B9CA63 /* Localizable.strings */,
				61DA15481795CEF900DEC1A2 /* Controller */,
				6133DC0C1778353A0000FFFB /* Model */,
				61DA15401795CED600DEC1A2 /* Libraries */,
				6133DBED17774AA40000FFFB /* Supporting Files */,
			);
			name = EverliveSDKSample;
			path = EverliveSDK;
			sourceTree = "<group>";
		};
		6133DBED17774AA40000FFFB /* Supporting Files */ = {
			isa = PBXGroup;
			children = (
				EC6246201887552A00D8C56B /* SampleQA-Info.plist */,
				8D7076BF1862F82200424C24 /* Default-568h@2x.png */,
				8D77521E185F539D002E6DC2 /* logo-telerik_devcloud@2x.png */,
				8D57851A185A2BE800F99ACB /* avatar.png */,
				8D57851B185A2BE800F99ACB /* icon-add.png */,
				8D57851C185A2BE800F99ACB /* icon-add@2x.png */,
				8D57851D185A2BE800F99ACB /* icon-adfs.png */,
				8D57851E185A2BE800F99ACB /* icon-adfs@2x.png */,
				8D57851F185A2BE800F99ACB /* icon-arrow_left.png */,
				8D578520185A2BE800F99ACB /* icon-arrow_left@2x.png */,
				8D578521185A2BE800F99ACB /* icon-facebook.png */,
				8D578522185A2BE800F99ACB /* icon-facebook@2x.png */,
				8D578523185A2BE800F99ACB /* icon-google.png */,
				8D578524185A2BE800F99ACB /* icon-google@2x.png */,
				8D578525185A2BE800F99ACB /* icon-liveid.png */,
				8D578526185A2BE800F99ACB /* icon-liveid@2x.png */,
				8D578527185A2BE800F99ACB /* icon-password.png */,
				8D578528185A2BE800F99ACB /* icon-password@2x.png */,
				8D578529185A2BE800F99ACB /* icon-username.png */,
				8D57852A185A2BE800F99ACB /* icon-username@2x.png */,
				8D57852C185A2BE800F99ACB /* logo-telerik_devcloud.png */,
				8D57852D185A2BE800F99ACB /* logo.png */,
				61ED1BA01795F50300E31339 /* EverliveSDKSample-Info.plist */,
				61ED1BA11795F50300E31339 /* EverliveSDKSample-Prefix.pch */,
				61ED1BA21795F50300E31339 /* main.m */,
			);
			name = "Supporting Files";
			sourceTree = "<group>";
		};
		6133DC0C1778353A0000FFFB /* Model */ = {
			isa = PBXGroup;
			children = (
				61EC11BB17A83F21004A84C6 /* Activity.h */,
				61EC11BC17A83F21004A84C6 /* Activity.m */,
				61EC11C017A83F32004A84C6 /* Comments.h */,
				61EC11C117A83F32004A84C6 /* Comments.m */,
				8D0FFAD818647FC000A35793 /* FriendsAppUser.h */,
				8D0FFAD918647FC000A35793 /* FriendsAppUser.m */,
			);
			name = Model;
			sourceTree = "<group>";
		};
		61DA15401795CED600DEC1A2 /* Libraries */ = {
			isa = PBXGroup;
			children = (
				61DA15411795CED600DEC1A2 /* MBProgressHUD.h */,
				61DA15421795CED600DEC1A2 /* MBProgressHUD.m */,
				61DA15431795CED600DEC1A2 /* TKUITextField.h */,
				61DA15441795CED600DEC1A2 /* TKUITextField.m */,
				61EC11D717A85D90004A84C6 /* TKUIButton.h */,
				61EC11D817A85D90004A84C6 /* TKUIButton.m */,
				6144F38D17B15E7D00C7BC1C /* TKShadowedView.h */,
				6144F38E17B15E7D00C7BC1C /* TKShadowedView.m */,
				61EC11E917A8AC11004A84C6 /* TKGroupItem.h */,
				61EC11EA17A8AC11004A84C6 /* TKGroupItem.m */,
				6173D06D17AA223300240D13 /* UIColor+Custom.h */,
				6173D06E17AA223300240D13 /* UIColor+Custom.m */,
				61471C59181A10200015E01A /* TKGrayView.h */,
				61471C5A181A10200015E01A /* TKGrayView.m */,
			);
			path = Libraries;
			sourceTree = SOURCE_ROOT;
		};
		61DA15481795CEF900DEC1A2 /* Controller */ = {
			isa = PBXGroup;
			children = (
				61ED1BB41795F8DF00E31339 /* ViewController.h */,
				61ED1BB51795F8DF00E31339 /* ViewController.m */,
				61ED1BAE1795F8DF00E31339 /* NewActivityViewController.h */,
				61ED1BAF1795F8DF00E31339 /* NewActivityViewController.m */,
				61ED1BB01795F8DF00E31339 /* DetailViewController.h */,
				61ED1BB11795F8DF00E31339 /* DetailViewController.m */,
				61ED1BB21795F8DF00E31339 /* LoginViewController.h */,
				61ED1BB31795F8DF00E31339 /* LoginViewController.m */,
				6144F39317B2EC2400C7BC1C /* SignUpViewController.h */,
				6144F39417B2EC2400C7BC1C /* SignUpViewController.m */,
				8D7076C118632ADA00424C24 /* DateViewController.h */,
				8D7076C218632ADA00424C24 /* DateViewController.m */,
				8D7076CE1863581100424C24 /* ADFSLoginViewController.h */,
				8D7076CF1863581100424C24 /* ADFSLoginViewController.m */,
			);
			name = Controller;
			sourceTree = "<group>";
		};
/* End PBXGroup section */

/* Begin PBXNativeTarget section */
		6133DBE217774AA40000FFFB /* Sample */ = {
			isa = PBXNativeTarget;
			buildConfigurationList = 6133DC0617774AA40000FFFB /* Build configuration list for PBXNativeTarget "Sample" */;
			buildPhases = (
				6133DBDF17774AA40000FFFB /* Sources */,
				6133DBE017774AA40000FFFB /* Frameworks */,
				6133DBE117774AA40000FFFB /* Resources */,
			);
			buildRules = (
			);
			dependencies = (
			);
			name = Sample;
			productName = EverliveSDK;
			productReference = 8DC9703D187D8C7D00570EC4 /* Friends.app */;
			productType = "com.apple.product-type.application";
		};
		EC6245D81887552A00D8C56B /* SampleQA */ = {
			isa = PBXNativeTarget;
			buildConfigurationList = EC62461C1887552A00D8C56B /* Build configuration list for PBXNativeTarget "SampleQA" */;
			buildPhases = (
				EC6245D91887552A00D8C56B /* Sources */,
				EC6245ED1887552A00D8C56B /* Frameworks */,
				EC6246011887552A00D8C56B /* Resources */,
			);
			buildRules = (
			);
			dependencies = (
			);
			name = SampleQA;
			productName = EverliveSDK;
			productReference = EC62461F1887552A00D8C56B /* SampleQA.app */;
			productType = "com.apple.product-type.application";
		};
/* End PBXNativeTarget section */

/* Begin PBXProject section */
		6133DBDB17774AA40000FFFB /* Project object */ = {
			isa = PBXProject;
			attributes = {
				LastUpgradeCheck = 0610;
				ORGANIZATIONNAME = "Telerik AD.";
				TargetAttributes = {
					6133DBE217774AA40000FFFB = {
						DevelopmentTeam = 7R952UQ6B3;
					};
				};
			};
			buildConfigurationList = 6133DBDE17774AA40000FFFB /* Build configuration list for PBXProject "EverliveSDK Sample" */;
			compatibilityVersion = "Xcode 3.2";
			developmentRegion = English;
			hasScannedForEncodings = 0;
			knownRegions = (
				en,
				Base,
			);
			mainGroup = 6133DBDA17774AA40000FFFB;
			productRefGroup = 6133DBDA17774AA40000FFFB;
			projectDirPath = "";
			projectRoot = "";
			targets = (
				6133DBE217774AA40000FFFB /* Sample */,
				EC6245D81887552A00D8C56B /* SampleQA */,
			);
		};
/* End PBXProject section */

/* Begin PBXResourcesBuildPhase section */
		6133DBE117774AA40000FFFB /* Resources */ = {
			isa = PBXResourcesBuildPhase;
			buildActionMask = 2147483647;
			files = (
				8D77523218608AD9002E6DC2 /* LiveAuthDialog_iPad.nib in Resources */,
				8D77523318608AD9002E6DC2 /* LiveAuthDialog_iPhone.nib in Resources */,
				61C795AD1818634D00A45036 /* MainStoryboard.storyboard in Resources */,
				8D57853A185A2BE800F99ACB /* icon-liveid@2x.png in Resources */,
				8D57852E185A2BE800F99ACB /* avatar.png in Resources */,
				8D57852F185A2BE800F99ACB /* icon-add.png in Resources */,
				8D77521F185F539D002E6DC2 /* logo-telerik_devcloud@2x.png in Resources */,
				8D578530185A2BE800F99ACB /* icon-add@2x.png in Resources */,
				8D578531185A2BE800F99ACB /* icon-adfs.png in Resources */,
				8D7076C01862F82200424C24 /* Default-568h@2x.png in Resources */,
				8D57853C185A2BE800F99ACB /* icon-password@2x.png in Resources */,
				8D578540185A2BE800F99ACB /* logo-telerik_devcloud.png in Resources */,
				8D578539185A2BE800F99ACB /* icon-liveid.png in Resources */,
				8D578534185A2BE800F99ACB /* icon-arrow_left@2x.png in Resources */,
				8D578533185A2BE800F99ACB /* icon-arrow_left.png in Resources */,
				8D57853D185A2BE800F99ACB /* icon-username.png in Resources */,
				8D57853B185A2BE800F99ACB /* icon-password.png in Resources */,
				8D578537185A2BE800F99ACB /* icon-google.png in Resources */,
				8D578538185A2BE800F99ACB /* icon-google@2x.png in Resources */,
				61031BA117BC44C600B9CA63 /* Localizable.strings in Resources */,
				8D57853E185A2BE800F99ACB /* icon-username@2x.png in Resources */,
				8D578536185A2BE800F99ACB /* icon-facebook@2x.png in Resources */,
				8D578535185A2BE800F99ACB /* icon-facebook.png in Resources */,
				8D578541185A2BE800F99ACB /* logo.png in Resources */,
				8D578532185A2BE800F99ACB /* icon-adfs@2x.png in Resources */,
				8DD32E3D17C2518F00718D85 /* Icon@2x.png in Resources */,
			);
			runOnlyForDeploymentPostprocessing = 0;
		};
		EC6246011887552A00D8C56B /* Resources */ = {
			isa = PBXResourcesBuildPhase;
			buildActionMask = 2147483647;
			files = (
				EC6246021887552A00D8C56B /* LiveAuthDialog_iPad.nib in Resources */,
				EC6246031887552A00D8C56B /* LiveAuthDialog_iPhone.nib in Resources */,
				EC6246041887552A00D8C56B /* MainStoryboard.storyboard in Resources */,
				EC6246051887552A00D8C56B /* icon-liveid@2x.png in Resources */,
				EC6246061887552A00D8C56B /* avatar.png in Resources */,
				EC6246071887552A00D8C56B /* icon-add.png in Resources */,
				EC6246081887552A00D8C56B /* logo-telerik_devcloud@2x.png in Resources */,
				EC6246091887552A00D8C56B /* icon-add@2x.png in Resources */,
				EC62460A1887552A00D8C56B /* icon-adfs.png in Resources */,
				EC62460B1887552A00D8C56B /* Default-568h@2x.png in Resources */,
				EC62460C1887552A00D8C56B /* icon-password@2x.png in Resources */,
				EC62460D1887552A00D8C56B /* logo-telerik_devcloud.png in Resources */,
				EC62460E1887552A00D8C56B /* icon-liveid.png in Resources */,
				EC62460F1887552A00D8C56B /* icon-arrow_left@2x.png in Resources */,
				EC6246101887552A00D8C56B /* icon-arrow_left.png in Resources */,
				EC6246111887552A00D8C56B /* icon-username.png in Resources */,
				EC6246121887552A00D8C56B /* icon-password.png in Resources */,
				EC6246131887552A00D8C56B /* icon-google.png in Resources */,
				EC6246141887552A00D8C56B /* icon-google@2x.png in Resources */,
				EC6246151887552A00D8C56B /* Localizable.strings in Resources */,
				EC6246161887552A00D8C56B /* icon-username@2x.png in Resources */,
				EC6246171887552A00D8C56B /* icon-facebook@2x.png in Resources */,
				EC6246181887552A00D8C56B /* icon-facebook.png in Resources */,
				EC6246191887552A00D8C56B /* logo.png in Resources */,
				EC62461A1887552A00D8C56B /* icon-adfs@2x.png in Resources */,
				EC62461B1887552A00D8C56B /* Icon@2x.png in Resources */,
			);
			runOnlyForDeploymentPostprocessing = 0;
		};
/* End PBXResourcesBuildPhase section */

/* Begin PBXSourcesBuildPhase section */
		6133DBDF17774AA40000FFFB /* Sources */ = {
			isa = PBXSourcesBuildPhase;
			buildActionMask = 2147483647;
			files = (
				8D0FFADA18647FC000A35793 /* FriendsAppUser.m in Sources */,
				61471C0D18195FAE0015E01A /* TKUITextField.m in Sources */,
				61DA15451795CED600DEC1A2 /* MBProgressHUD.m in Sources */,
				61471C5B181A10200015E01A /* TKGrayView.m in Sources */,
				61ED1B9C1795F4CE00E31339 /* AppDelegate.m in Sources */,
				61ED1BA71795F50300E31339 /* main.m in Sources */,
				61ED1BB61795F8DF00E31339 /* NewActivityViewController.m in Sources */,
				61ED1BB71795F8DF00E31339 /* DetailViewController.m in Sources */,
				61ED1BB81795F8DF00E31339 /* LoginViewController.m in Sources */,
				61ED1BB91795F8DF00E31339 /* ViewController.m in Sources */,
				61EC11BD17A83F21004A84C6 /* Activity.m in Sources */,
				61EC11C217A83F32004A84C6 /* Comments.m in Sources */,
				61EC11D917A85D90004A84C6 /* TKUIButton.m in Sources */,
				61EC11EB17A8AC11004A84C6 /* TKGroupItem.m in Sources */,
				6173D06F17AA223300240D13 /* UIColor+Custom.m in Sources */,
				6144F38F17B15E7D00C7BC1C /* TKShadowedView.m in Sources */,
				8D7076C318632ADA00424C24 /* DateViewController.m in Sources */,
				8D7076D01863581100424C24 /* ADFSLoginViewController.m in Sources */,
				6144F39517B2EC2400C7BC1C /* SignUpViewController.m in Sources */,
			);
			runOnlyForDeploymentPostprocessing = 0;
		};
		EC6245D91887552A00D8C56B /* Sources */ = {
			isa = PBXSourcesBuildPhase;
			buildActionMask = 2147483647;
			files = (
				EC6245DA1887552A00D8C56B /* FriendsAppUser.m in Sources */,
				EC6245DB1887552A00D8C56B /* TKUITextField.m in Sources */,
				EC6245DC1887552A00D8C56B /* MBProgressHUD.m in Sources */,
				EC6245DD1887552A00D8C56B /* TKGrayView.m in Sources */,
				EC6245DE1887552A00D8C56B /* AppDelegate.m in Sources */,
				EC6245DF1887552A00D8C56B /* main.m in Sources */,
				EC6245E01887552A00D8C56B /* NewActivityViewController.m in Sources */,
				EC6245E11887552A00D8C56B /* DetailViewController.m in Sources */,
				EC6245E21887552A00D8C56B /* LoginViewController.m in Sources */,
				EC6245E31887552A00D8C56B /* ViewController.m in Sources */,
				EC6245E41887552A00D8C56B /* Activity.m in Sources */,
				EC6245E51887552A00D8C56B /* Comments.m in Sources */,
				EC6245E61887552A00D8C56B /* TKUIButton.m in Sources */,
				EC6245E71887552A00D8C56B /* TKGroupItem.m in Sources */,
				EC6245E81887552A00D8C56B /* UIColor+Custom.m in Sources */,
				EC6245E91887552A00D8C56B /* TKShadowedView.m in Sources */,
				EC6245EA1887552A00D8C56B /* DateViewController.m in Sources */,
				EC6245EB1887552A00D8C56B /* ADFSLoginViewController.m in Sources */,
				EC6245EC1887552A00D8C56B /* SignUpViewController.m in Sources */,
			);
			runOnlyForDeploymentPostprocessing = 0;
		};
/* End PBXSourcesBuildPhase section */

/* Begin PBXVariantGroup section */
		61031B9F17BC44C600B9CA63 /* Localizable.strings */ = {
			isa = PBXVariantGroup;
			children = (
				61031BA017BC44C600B9CA63 /* en */,
			);
			name = Localizable.strings;
			sourceTree = "<group>";
		};
		61C795AB1818634D00A45036 /* MainStoryboard.storyboard */ = {
			isa = PBXVariantGroup;
			children = (
				61C795AC1818634D00A45036 /* en */,
			);
			name = MainStoryboard.storyboard;
			sourceTree = "<group>";
		};
/* End PBXVariantGroup section */

/* Begin XCBuildConfiguration section */
		6133DC0417774AA40000FFFB /* Debug */ = {
			isa = XCBuildConfiguration;
			buildSettings = {
				ALWAYS_SEARCH_USER_PATHS = NO;
				CLANG_CXX_LANGUAGE_STANDARD = "gnu++0x";
				CLANG_CXX_LIBRARY = "libc++";
				CLANG_ENABLE_OBJC_ARC = YES;
				CLANG_WARN_CONSTANT_CONVERSION = YES;
				CLANG_WARN_EMPTY_BODY = YES;
				CLANG_WARN_ENUM_CONVERSION = YES;
				CLANG_WARN_INT_CONVERSION = YES;
				CLANG_WARN__DUPLICATE_METHOD_MATCH = YES;
				"CODE_SIGN_IDENTITY[sdk=iphoneos*]" = "iPhone Developer";
				COPY_PHASE_STRIP = NO;
				GCC_C_LANGUAGE_STANDARD = gnu99;
				GCC_DYNAMIC_NO_PIC = NO;
				GCC_OPTIMIZATION_LEVEL = 0;
				GCC_PREPROCESSOR_DEFINITIONS = (
					"DEBUG=1",
					"$(inherited)",
				);
				GCC_SYMBOLS_PRIVATE_EXTERN = NO;
				GCC_WARN_ABOUT_RETURN_TYPE = YES;
				GCC_WARN_UNINITIALIZED_AUTOS = YES;
				GCC_WARN_UNUSED_VARIABLE = YES;
				IPHONEOS_DEPLOYMENT_TARGET = 6.0;
				MACH_O_TYPE = mh_execute;
				ONLY_ACTIVE_ARCH = YES;
				SDKROOT = iphoneos;
			};
			name = Debug;
		};
		6133DC0517774AA40000FFFB /* Release */ = {
			isa = XCBuildConfiguration;
			buildSettings = {
				ALWAYS_SEARCH_USER_PATHS = NO;
				CLANG_CXX_LANGUAGE_STANDARD = "gnu++0x";
				CLANG_CXX_LIBRARY = "libc++";
				CLANG_ENABLE_OBJC_ARC = YES;
				CLANG_WARN_CONSTANT_CONVERSION = YES;
				CLANG_WARN_EMPTY_BODY = YES;
				CLANG_WARN_ENUM_CONVERSION = YES;
				CLANG_WARN_INT_CONVERSION = YES;
				CLANG_WARN__DUPLICATE_METHOD_MATCH = YES;
				"CODE_SIGN_IDENTITY[sdk=iphoneos*]" = "iPhone Developer";
				COPY_PHASE_STRIP = YES;
				GCC_C_LANGUAGE_STANDARD = gnu99;
				GCC_WARN_ABOUT_RETURN_TYPE = YES;
				GCC_WARN_UNINITIALIZED_AUTOS = YES;
				GCC_WARN_UNUSED_VARIABLE = YES;
				IPHONEOS_DEPLOYMENT_TARGET = 6.0;
				MACH_O_TYPE = mh_execute;
				ONLY_ACTIVE_ARCH = YES;
				OTHER_CFLAGS = "-DNS_BLOCK_ASSERTIONS=1";
				SDKROOT = iphoneos;
				VALIDATE_PRODUCT = YES;
			};
			name = Release;
		};
		6133DC0717774AA40000FFFB /* Debug */ = {
			isa = XCBuildConfiguration;
			buildSettings = {
				CODE_SIGN_IDENTITY = "iPhone Developer";
				"CODE_SIGN_IDENTITY[sdk=iphoneos*]" = "iPhone Developer";
				FRAMEWORK_SEARCH_PATHS = (
					"$(SRCROOT)/../",
					"$(inherited)",
					"$(SRCROOT)/../Sample/**",
					"$(PROJECT_DIR)",
				);
				GCC_PRECOMPILE_PREFIX_HEADER = YES;
				INFOPLIST_FILE = "$(SRCROOT)/EverliveSDKSample-Info.plist";
				IPHONEOS_DEPLOYMENT_TARGET = 6.0;
				ONLY_ACTIVE_ARCH = NO;
				OTHER_LDFLAGS = "-ObjC";
				PRODUCT_NAME = Friends;
				PROVISIONING_PROFILE = "";
				TEST_AFTER_BUILD = YES;
				VALID_ARCHS = "armv7 armv7s";
				WRAPPER_EXTENSION = app;
			};
			name = Debug;
		};
		6133DC0817774AA40000FFFB /* Release */ = {
			isa = XCBuildConfiguration;
			buildSettings = {
				CODE_SIGN_IDENTITY = "iPhone Developer";
				"CODE_SIGN_IDENTITY[sdk=iphoneos*]" = "iPhone Developer";
				FRAMEWORK_SEARCH_PATHS = (
					"$(SRCROOT)/../",
					"$(inherited)",
					"$(SRCROOT)/../Sample/**",
					"$(PROJECT_DIR)",
				);
				GCC_PRECOMPILE_PREFIX_HEADER = YES;
				INFOPLIST_FILE = "$(SRCROOT)/EverliveSDKSample-Info.plist";
				IPHONEOS_DEPLOYMENT_TARGET = 6.0;
				ONLY_ACTIVE_ARCH = NO;
				OTHER_LDFLAGS = "-ObjC";
				PRODUCT_NAME = Friends;
				PROVISIONING_PROFILE = "";
				TEST_AFTER_BUILD = YES;
				VALID_ARCHS = "armv7 armv7s";
				WRAPPER_EXTENSION = app;
			};
			name = Release;
		};
		EC62461D1887552A00D8C56B /* Debug */ = {
			isa = XCBuildConfiguration;
			buildSettings = {
				CODE_SIGN_IDENTITY = "iPhone Developer";
				"CODE_SIGN_IDENTITY[sdk=iphoneos*]" = "iPhone Developer";
				FRAMEWORK_SEARCH_PATHS = (
					"$(SRCROOT)/../",
					"$(inherited)",
					"$(SRCROOT)/../Sample/",
				);
				GCC_PRECOMPILE_PREFIX_HEADER = YES;
				INFOPLIST_FILE = "SampleQA-Info.plist";
				IPHONEOS_DEPLOYMENT_TARGET = 6.0;
				LIBRARY_SEARCH_PATHS = (
					"$(inherited)",
					"$(SRCROOT)",
				);
				OTHER_LDFLAGS = "-ObjC";
				PRODUCT_NAME = SampleQA;
				PROVISIONING_PROFILE = "";
				TEST_AFTER_BUILD = YES;
				WRAPPER_EXTENSION = app;
			};
			name = Debug;
		};
		EC62461E1887552A00D8C56B /* Release */ = {
			isa = XCBuildConfiguration;
			buildSettings = {
				CODE_SIGN_IDENTITY = "iPhone Developer";
				"CODE_SIGN_IDENTITY[sdk=iphoneos*]" = "iPhone Developer";
				FRAMEWORK_SEARCH_PATHS = (
					"$(SRCROOT)/../",
					"$(inherited)",
					"$(SRCROOT)/../Sample/",
				);
				GCC_PRECOMPILE_PREFIX_HEADER = YES;
				INFOPLIST_FILE = "SampleQA-Info.plist";
				IPHONEOS_DEPLOYMENT_TARGET = 6.0;
				LIBRARY_SEARCH_PATHS = (
					"$(inherited)",
					"$(SRCROOT)",
				);
				OTHER_LDFLAGS = "-ObjC";
				PRODUCT_NAME = SampleQA;
				PROVISIONING_PROFILE = "";
				TEST_AFTER_BUILD = YES;
				WRAPPER_EXTENSION = app;
			};
			name = Release;
		};
/* End XCBuildConfiguration section */

/* Begin XCConfigurationList section */
		6133DBDE17774AA40000FFFB /* Build configuration list for PBXProject "EverliveSDK Sample" */ = {
			isa = XCConfigurationList;
			buildConfigurations = (
				6133DC0417774AA40000FFFB /* Debug */,
				6133DC0517774AA40000FFFB /* Release */,
			);
			defaultConfigurationIsVisible = 0;
			defaultConfigurationName = Release;
		};
		6133DC0617774AA40000FFFB /* Build configuration list for PBXNativeTarget "Sample" */ = {
			isa = XCConfigurationList;
			buildConfigurations = (
				6133DC0717774AA40000FFFB /* Debug */,
				6133DC0817774AA40000FFFB /* Release */,
			);
			defaultConfigurationIsVisible = 0;
			defaultConfigurationName = Release;
		};
		EC62461C1887552A00D8C56B /* Build configuration list for PBXNativeTarget "SampleQA" */ = {
			isa = XCConfigurationList;
			buildConfigurations = (
				EC62461D1887552A00D8C56B /* Debug */,
				EC62461E1887552A00D8C56B /* Release */,
			);
			defaultConfigurationIsVisible = 0;
			defaultConfigurationName = Release;
		};
/* End XCConfigurationList section */
	};
	rootObject = 6133DBDB17774AA40000FFFB /* Project object */;
}
